<?xml version="1.0" encoding="utf-8"?>
<Project ToolsVersion="4.0" xmlns="http://schemas.microsoft.com/developer/msbuild/2003">
  <ItemGroup>
    <Filter Include="Include">
      <UniqueIdentifier>{dbaf5b3e-02b5-4b3b-9c86-9960967f309a}</UniqueIdentifier>
    </Filter>
    <Filter Include="Include\SA2 Mod Loader">
      <UniqueIdentifier>{2d36f183-3af0-4b0e-ba37-3364ceb3412d}</UniqueIdentifier>
    </Filter>
    <Filter Include="Mod">
      <UniqueIdentifier>{0933349e-1642-494e-9bb9-39446d1da630}</UniqueIdentifier>
    </Filter>
  </ItemGroup>
  <ItemGroup>
    <ClInclude Include="Include\SA2 Mod Loader\magic.h">
      <Filter>Include\SA2 Mod Loader</Filter>
    </ClInclude>
    <ClInclude Include="Include\SA2 Mod Loader\MemAccess.h">
      <Filter>Include\SA2 Mod Loader</Filter>
    </ClInclude>
    <ClInclude Include="Include\SA2 Mod Loader\ninja.h">
      <Filter>Include\SA2 Mod Loader</Filter>
    </ClInclude>
    <ClInclude Include="Include\SA2 Mod Loader\njdef.h">
      <Filter>Include\SA2 Mod Loader</Filter>
    </ClInclude>
    <ClInclude Include="Include\SA2 Mod Loader\SA2Enums.h">
      <Filter>Include\SA2 Mod Loader</Filter>
    </ClInclude>
    <ClInclude Include="Include\SA2 Mod Loader\SA2Functions.h">
      <Filter>Include\SA2 Mod Loader</Filter>
    </ClInclude>
    <ClInclude Include="Include\SA2 Mod Loader\SA2ModInfo.h">
      <Filter>Include\SA2 Mod Loader</Filter>
    </ClInclude>
    <ClInclude Include="Include\SA2 Mod Loader\SA2ModLoader.h">
      <Filter>Include\SA2 Mod Loader</Filter>
    </ClInclude>
    <ClInclude Include="Include\SA2 Mod Loader\SA2Structs.h">
      <Filter>Include\SA2 Mod Loader</Filter>
    </ClInclude>
    <ClInclude Include="Include\SA2 Mod Loader\SA2Variables.h">
      <Filter>Include\SA2 Mod Loader</Filter>
    </ClInclude>
    <ClInclude Include="Mod\API.h">
      <Filter>Mod</Filter>
    </ClInclude>
    <ClInclude Include="Mod\FontSetup.h">
      <Filter>Mod</Filter>
    </ClInclude>
    <ClInclude Include="framework.h" />
    <ClInclude Include="pch.h" />
  </ItemGroup>
  <ItemGroup>
    <ClCompile Include="Mod\FontSetup.cpp">
      <Filter>Mod</Filter>
    </ClCompile>
    <ClCompile Include="Mod\Main.cpp">
      <Filter>Mod</Filter>
    </ClCompile>
    <ClCompile Include="dllmain.cpp" />
    <ClCompile Include="pch.cpp" />
  </ItemGroup>
</Project>