<?xml version="1.0" encoding="utf-8"?>
<Project ToolsVersion="4.0" xmlns="http://schemas.microsoft.com/developer/msbuild/2003">
  <ItemGroup>
    <Filter Include="Mod">
      <UniqueIdentifier>{0933349e-1642-494e-9bb9-39446d1da630}</UniqueIdentifier>
    </Filter>
    <Filter Include="Render Fix">
      <UniqueIdentifier>{da0d7bfe-f912-4adf-b46e-30f9d47122c6}</UniqueIdentifier>
    </Filter>
  </ItemGroup>
  <ItemGroup>
    <ClInclude Include="Mod\FontSetup.h">
      <Filter>Mod</Filter>
    </ClInclude>
    <ClInclude Include="framework.h" />
    <ClInclude Include="pch.h" />
    <ClInclude Include="Render Fix\renderfix_api.h">
      <Filter>Render Fix</Filter>
    </ClInclude>
  </ItemGroup>
  <ItemGroup>
    <ClCompile Include="Mod\FontSetup.cpp">
      <Filter>Mod</Filter>
    </ClCompile>
    <ClCompile Include="Mod\Main.cpp">
      <Filter>Mod</Filter>
    </ClCompile>
    <ClCompile Include="dllmain.cpp" />
    <ClCompile Include="pch.cpp" />
  </ItemGroup>
</Project>